
Microsoft Visual Studio Solution File, Format Version 12.00
# Visual Studio 15
Project("{FAE04EC0-301F-11D3-BF4B-00C04F79EFBC}") = "UnityEngine.TestRunner", "UnityEngine.TestRunner.csproj", "{8EA70D9E-33AF-0C68-11D2-6CBE18EC6B34}"
EndProject
Project("{FAE04EC0-301F-11D3-BF4B-00C04F79EFBC}") = "UnityEngine.UI", "UnityEngine.UI.csproj", "{38A0454C-47A6-52A9-1698-BF2CB62F595A}"
EndProject
Project("{FAE04EC0-301F-11D3-BF4B-00C04F79EFBC}") = "Unity.VisualScripting.State", "Unity.VisualScripting.State.csproj", "{B73D253F-4DF7-F48B-C770-FD0EC99DC2ED}"
EndProject
Project("{FAE04EC0-301F-11D3-BF4B-00C04F79EFBC}") = "Unity.VisualScripting.Core", "Unity.VisualScripting.Core.csproj", "{9CF85190-8FC3-C73F-7030-7AD44BCD9F44}"
EndProject
Project("{FAE04EC0-301F-11D3-BF4B-00C04F79EFBC}") = "Unity.VisualScripting.Flow", "Unity.VisualScripting.Flow.csproj", "{53D1DF73-2D3B-09A1-C14A-B14F40B97441}"
EndProject
Project("{FAE04EC0-301F-11D3-BF4B-00C04F79EFBC}") = "Unity.TextMeshPro", "Unity.TextMeshPro.csproj", "{F1E3A417-8C6E-B731-4706-81A4B7861F3D}"
EndProject
Project("{FAE04EC0-301F-11D3-BF4B-00C04F79EFBC}") = "Assembly-CSharp", "Assembly-CSharp.csproj", "{23D078DE-FD22-9E4E-2ECE-45AAF03AEF61}"
EndProject
Project("{FAE04EC0-301F-11D3-BF4B-00C04F79EFBC}") = "Unity.Timeline", "Unity.Timeline.csproj", "{85C1C969-6F25-BE29-B582-3D3D49785529}"
EndProject
Project("{FAE04EC0-301F-11D3-BF4B-00C04F79EFBC}") = "Unity.2D.Tilemap.Extras", "Unity.2D.Tilemap.Extras.csproj", "{0947FD27-A1A5-1A3B-40AB-FBC846ADC045}"
EndProject
Project("{FAE04EC0-301F-11D3-BF4B-00C04F79EFBC}") = "Unity.VisualScripting.Core.Editor", "Unity.VisualScripting.Core.Editor.csproj", "{3CDAA77F-815D-A7A1-99F7-1A93D71904F1}"
EndProject
Project("{FAE04EC0-301F-11D3-BF4B-00C04F79EFBC}") = "Unity.VisualStudio.Editor", "Unity.VisualStudio.Editor.csproj", "{8B170411-12C2-F0A8-C564-E9F93B10C10E}"
EndProject
Project("{FAE04EC0-301F-11D3-BF4B-00C04F79EFBC}") = "Unity.Timeline.Editor", "Unity.Timeline.Editor.csproj", "{EB4028E2-5E59-C9FA-A422-A6C30634107B}"
EndProject
Project("{FAE04EC0-301F-11D3-BF4B-00C04F79EFBC}") = "Unity.VisualScripting.State.Editor", "Unity.VisualScripting.State.Editor.csproj", "{5562675B-437B-F335-EF87-4A0E68B2A928}"
EndProject
Project("{FAE04EC0-301F-11D3-BF4B-00C04F79EFBC}") = "Unity.TextMeshPro.Editor", "Unity.TextMeshPro.Editor.csproj", "{47BEDF93-6F01-45BD-0A52-79BB16D7E2E1}"
EndProject
Project("{FAE04EC0-301F-11D3-BF4B-00C04F79EFBC}") = "VSSettingsProvider", "VSSettingsProvider.csproj", "{D536DA05-2510-533E-4048-FED357C6E7F8}"
EndProject
Project("{FAE04EC0-301F-11D3-BF4B-00C04F79EFBC}") = "Unity.CollabProxy.Editor", "Unity.CollabProxy.Editor.csproj", "{A3C58DAE-786C-E413-A5EF-D7670D8331F7}"
EndProject
Project("{FAE04EC0-301F-11D3-BF4B-00C04F79EFBC}") = "UnityEditor.TestRunner", "UnityEditor.TestRunner.csproj", "{BFCC911C-8A41-580F-9D22-A38284387915}"
EndProject
Project("{FAE04EC0-301F-11D3-BF4B-00C04F79EFBC}") = "Unity.VisualScripting.Flow.Editor", "Unity.VisualScripting.Flow.Editor.csproj", "{839F18EB-D067-2722-62F0-A8B843FE1740}"
EndProject
Project("{FAE04EC0-301F-11D3-BF4B-00C04F79EFBC}") = "Unity.Rider.Editor", "Unity.Rider.Editor.csproj", "{EB40D0C9-FDCC-6A16-35C9-7DEB8B7CF2C7}"
EndProject
Project("{FAE04EC0-301F-11D3-BF4B-00C04F79EFBC}") = "Unity.2D.Tilemap.Editor", "Unity.2D.Tilemap.Editor.csproj", "{E79D3F5F-CF03-F9BE-D286-81036455F642}"
EndProject
Project("{FAE04EC0-301F-11D3-BF4B-00C04F79EFBC}") = "Unity.VSCode.Editor", "Unity.VSCode.Editor.csproj", "{A2DCA835-06B6-D202-DC9D-54FF97DE92A2}"
EndProject
Project("{FAE04EC0-301F-11D3-BF4B-00C04F79EFBC}") = "Unity.2D.Sprite.Editor", "Unity.2D.Sprite.Editor.csproj", "{7D8A3865-B919-AB08-7335-3D274C531604}"
EndProject
Project("{FAE04EC0-301F-11D3-BF4B-00C04F79EFBC}") = "UnityEditor.UI", "UnityEditor.UI.csproj", "{193AB242-19C3-B03D-E9F0-DB4477F85DAD}"
EndProject
Project("{FAE04EC0-301F-11D3-BF4B-00C04F79EFBC}") = "Unity.2D.Tilemap.Extras.Editor", "Unity.2D.Tilemap.Extras.Editor.csproj", "{DBEA6ED7-211C-C248-F080-2A904C5463A9}"
EndProject
Project("{FAE04EC0-301F-11D3-BF4B-00C04F79EFBC}") = "UnityEngine.TestRunner", "UnityEngine.TestRunner.Player.csproj", "{BDE5FCFA-7DB5-D0B9-9C20-7A347560FA80}"
EndProject
Project("{FAE04EC0-301F-11D3-BF4B-00C04F79EFBC}") = "UnityEngine.UI", "UnityEngine.UI.Player.csproj", "{6D938A7E-0AD5-B8CC-BF77-521075669588}"
EndProject
Project("{FAE04EC0-301F-11D3-BF4B-00C04F79EFBC}") = "Unity.VisualScripting.State", "Unity.VisualScripting.State.Player.csproj", "{FB27CB35-36F2-0E20-23C0-0FD0C93C0302}"
EndProject
Project("{FAE04EC0-301F-11D3-BF4B-00C04F79EFBC}") = "Unity.VisualScripting.Core", "Unity.VisualScripting.Core.Player.csproj", "{1323C445-FDEA-4F4E-5C68-76A387420107}"
EndProject
Project("{FAE04EC0-301F-11D3-BF4B-00C04F79EFBC}") = "Unity.VisualScripting.Flow", "Unity.VisualScripting.Flow.Player.csproj", "{5CD84B47-0A55-F922-2B4F-97379972E54E}"
EndProject
Project("{FAE04EC0-301F-11D3-BF4B-00C04F79EFBC}") = "Unity.TextMeshPro", "Unity.TextMeshPro.Player.csproj", "{95C0C111-FD22-F8D4-48F8-0AF380976DF9}"
EndProject
Project("{FAE04EC0-301F-11D3-BF4B-00C04F79EFBC}") = "Assembly-CSharp", "Assembly-CSharp.Player.csproj", "{1A520655-1389-6FE3-EBC8-AB99BE1D2734}"
EndProject
Project("{FAE04EC0-301F-11D3-BF4B-00C04F79EFBC}") = "Unity.Timeline", "Unity.Timeline.Player.csproj", "{0423D957-E354-CE13-13AE-4DD5127D7B3A}"
EndProject
Project("{FAE04EC0-301F-11D3-BF4B-00C04F79EFBC}") = "Unity.2D.Tilemap.Extras", "Unity.2D.Tilemap.Extras.Player.csproj", "{66A86F39-B65B-F8F2-81A3-AC8BAD057DBF}"
EndProject
Global
	GlobalSection(SolutionConfigurationPlatforms) = preSolution
		Debug|Any CPU = Debug|Any CPU
		Release|Any CPU = Release|Any CPU
	EndGlobalSection
	GlobalSection(ProjectConfigurationPlatforms) = postSolution
		{8EA70D9E-33AF-0C68-11D2-6CBE18EC6B34}.Debug|Any CPU.ActiveCfg = Debug|Any CPU
		{8EA70D9E-33AF-0C68-11D2-6CBE18EC6B34}.Debug|Any CPU.Build.0 = Debug|Any CPU
		{8EA70D9E-33AF-0C68-11D2-6CBE18EC6B34}.Release|Any CPU.ActiveCfg = Release|Any CPU
		{8EA70D9E-33AF-0C68-11D2-6CBE18EC6B34}.Release|Any CPU.Build.0 = Release|Any CPU
		{38A0454C-47A6-52A9-1698-BF2CB62F595A}.Debug|Any CPU.ActiveCfg = Debug|Any CPU
		{38A0454C-47A6-52A9-1698-BF2CB62F595A}.Debug|Any CPU.Build.0 = Debug|Any CPU
		{38A0454C-47A6-52A9-1698-BF2CB62F595A}.Release|Any CPU.ActiveCfg = Release|Any CPU
		{38A0454C-47A6-52A9-1698-BF2CB62F595A}.Release|Any CPU.Build.0 = Release|Any CPU
		{B73D253F-4DF7-F48B-C770-FD0EC99DC2ED}.Debug|Any CPU.ActiveCfg = Debug|Any CPU
		{B73D253F-4DF7-F48B-C770-FD0EC99DC2ED}.Debug|Any CPU.Build.0 = Debug|Any CPU
		{B73D253F-4DF7-F48B-C770-FD0EC99DC2ED}.Release|Any CPU.ActiveCfg = Release|Any CPU
		{B73D253F-4DF7-F48B-C770-FD0EC99DC2ED}.Release|Any CPU.Build.0 = Release|Any CPU
		{9CF85190-8FC3-C73F-7030-7AD44BCD9F44}.Debug|Any CPU.ActiveCfg = Debug|Any CPU
		{9CF85190-8FC3-C73F-7030-7AD44BCD9F44}.Debug|Any CPU.Build.0 = Debug|Any CPU
		{9CF85190-8FC3-C73F-7030-7AD44BCD9F44}.Release|Any CPU.ActiveCfg = Release|Any CPU
		{9CF85190-8FC3-C73F-7030-7AD44BCD9F44}.Release|Any CPU.Build.0 = Release|Any CPU
		{53D1DF73-2D3B-09A1-C14A-B14F40B97441}.Debug|Any CPU.ActiveCfg = Debug|Any CPU
		{53D1DF73-2D3B-09A1-C14A-B14F40B97441}.Debug|Any CPU.Build.0 = Debug|Any CPU
		{53D1DF73-2D3B-09A1-C14A-B14F40B97441}.Release|Any CPU.ActiveCfg = Release|Any CPU
		{53D1DF73-2D3B-09A1-C14A-B14F40B97441}.Release|Any CPU.Build.0 = Release|Any CPU
		{F1E3A417-8C6E-B731-4706-81A4B7861F3D}.Debug|Any CPU.ActiveCfg = Debug|Any CPU
		{F1E3A417-8C6E-B731-4706-81A4B7861F3D}.Debug|Any CPU.Build.0 = Debug|Any CPU
		{F1E3A417-8C6E-B731-4706-81A4B7861F3D}.Release|Any CPU.ActiveCfg = Release|Any CPU
		{F1E3A417-8C6E-B731-4706-81A4B7861F3D}.Release|Any CPU.Build.0 = Release|Any CPU
		{23D078DE-FD22-9E4E-2ECE-45AAF03AEF61}.Debug|Any CPU.ActiveCfg = Debug|Any CPU
		{23D078DE-FD22-9E4E-2ECE-45AAF03AEF61}.Debug|Any CPU.Build.0 = Debug|Any CPU
		{23D078DE-FD22-9E4E-2ECE-45AAF03AEF61}.Release|Any CPU.ActiveCfg = Release|Any CPU
		{23D078DE-FD22-9E4E-2ECE-45AAF03AEF61}.Release|Any CPU.Build.0 = Release|Any CPU
		{85C1C969-6F25-BE29-B582-3D3D49785529}.Debug|Any CPU.ActiveCfg = Debug|Any CPU
		{85C1C969-6F25-BE29-B582-3D3D49785529}.Debug|Any CPU.Build.0 = Debug|Any CPU
		{85C1C969-6F25-BE29-B582-3D3D49785529}.Release|Any CPU.ActiveCfg = Release|Any CPU
		{85C1C969-6F25-BE29-B582-3D3D49785529}.Release|Any CPU.Build.0 = Release|Any CPU
		{0947FD27-A1A5-1A3B-40AB-FBC846ADC045}.Debug|Any CPU.ActiveCfg = Debug|Any CPU
		{0947FD27-A1A5-1A3B-40AB-FBC846ADC045}.Debug|Any CPU.Build.0 = Debug|Any CPU
		{0947FD27-A1A5-1A3B-40AB-FBC846ADC045}.Release|Any CPU.ActiveCfg = Release|Any CPU
		{0947FD27-A1A5-1A3B-40AB-FBC846ADC045}.Release|Any CPU.Build.0 = Release|Any CPU
		{3CDAA77F-815D-A7A1-99F7-1A93D71904F1}.Debug|Any CPU.ActiveCfg = Debug|Any CPU
		{3CDAA77F-815D-A7A1-99F7-1A93D71904F1}.Debug|Any CPU.Build.0 = Debug|Any CPU
		{3CDAA77F-815D-A7A1-99F7-1A93D71904F1}.Release|Any CPU.ActiveCfg = Release|Any CPU
		{3CDAA77F-815D-A7A1-99F7-1A93D71904F1}.Release|Any CPU.Build.0 = Release|Any CPU
		{8B170411-12C2-F0A8-C564-E9F93B10C10E}.Debug|Any CPU.ActiveCfg = Debug|Any CPU
		{8B170411-12C2-F0A8-C564-E9F93B10C10E}.Debug|Any CPU.Build.0 = Debug|Any CPU
		{8B170411-12C2-F0A8-C564-E9F93B10C10E}.Release|Any CPU.ActiveCfg = Release|Any CPU
		{8B170411-12C2-F0A8-C564-E9F93B10C10E}.Release|Any CPU.Build.0 = Release|Any CPU
		{EB4028E2-5E59-C9FA-A422-A6C30634107B}.Debug|Any CPU.ActiveCfg = Debug|Any CPU
		{EB4028E2-5E59-C9FA-A422-A6C30634107B}.Debug|Any CPU.Build.0 = Debug|Any CPU
		{EB4028E2-5E59-C9FA-A422-A6C30634107B}.Release|Any CPU.ActiveCfg = Release|Any CPU
		{EB4028E2-5E59-C9FA-A422-A6C30634107B}.Release|Any CPU.Build.0 = Release|Any CPU
		{5562675B-437B-F335-EF87-4A0E68B2A928}.Debug|Any CPU.ActiveCfg = Debug|Any CPU
		{5562675B-437B-F335-EF87-4A0E68B2A928}.Debug|Any CPU.Build.0 = Debug|Any CPU
		{5562675B-437B-F335-EF87-4A0E68B2A928}.Release|Any CPU.ActiveCfg = Release|Any CPU
		{5562675B-437B-F335-EF87-4A0E68B2A928}.Release|Any CPU.Build.0 = Release|Any CPU
		{47BEDF93-6F01-45BD-0A52-79BB16D7E2E1}.Debug|Any CPU.ActiveCfg = Debug|Any CPU
		{47BEDF93-6F01-45BD-0A52-79BB16D7E2E1}.Debug|Any CPU.Build.0 = Debug|Any CPU
		{47BEDF93-6F01-45BD-0A52-79BB16D7E2E1}.Release|Any CPU.ActiveCfg = Release|Any CPU
		{47BEDF93-6F01-45BD-0A52-79BB16D7E2E1}.Release|Any CPU.Build.0 = Release|Any CPU
		{D536DA05-2510-533E-4048-FED357C6E7F8}.Debug|Any CPU.ActiveCfg = Debug|Any CPU
		{D536DA05-2510-533E-4048-FED357C6E7F8}.Debug|Any CPU.Build.0 = Debug|Any CPU
		{D536DA05-2510-533E-4048-FED357C6E7F8}.Release|Any CPU.ActiveCfg = Release|Any CPU
		{D536DA05-2510-533E-4048-FED357C6E7F8}.Release|Any CPU.Build.0 = Release|Any CPU
		{A3C58DAE-786C-E413-A5EF-D7670D8331F7}.Debug|Any CPU.ActiveCfg = Debug|Any CPU
		{A3C58DAE-786C-E413-A5EF-D7670D8331F7}.Debug|Any CPU.Build.0 = Debug|Any CPU
		{A3C58DAE-786C-E413-A5EF-D7670D8331F7}.Release|Any CPU.ActiveCfg = Release|Any CPU
		{A3C58DAE-786C-E413-A5EF-D7670D8331F7}.Release|Any CPU.Build.0 = Release|Any CPU
		{BFCC911C-8A41-580F-9D22-A38284387915}.Debug|Any CPU.ActiveCfg = Debug|Any CPU
		{BFCC911C-8A41-580F-9D22-A38284387915}.Debug|Any CPU.Build.0 = Debug|Any CPU
		{BFCC911C-8A41-580F-9D22-A38284387915}.Release|Any CPU.ActiveCfg = Release|Any CPU
		{BFCC911C-8A41-580F-9D22-A38284387915}.Release|Any CPU.Build.0 = Release|Any CPU
		{839F18EB-D067-2722-62F0-A8B843FE1740}.Debug|Any CPU.ActiveCfg = Debug|Any CPU
		{839F18EB-D067-2722-62F0-A8B843FE1740}.Debug|Any CPU.Build.0 = Debug|Any CPU
		{839F18EB-D067-2722-62F0-A8B843FE1740}.Release|Any CPU.ActiveCfg = Release|Any CPU
		{839F18EB-D067-2722-62F0-A8B843FE1740}.Release|Any CPU.Build.0 = Release|Any CPU
		{EB40D0C9-FDCC-6A16-35C9-7DEB8B7CF2C7}.Debug|Any CPU.ActiveCfg = Debug|Any CPU
		{EB40D0C9-FDCC-6A16-35C9-7DEB8B7CF2C7}.Debug|Any CPU.Build.0 = Debug|Any CPU
		{EB40D0C9-FDCC-6A16-35C9-7DEB8B7CF2C7}.Release|Any CPU.ActiveCfg = Release|Any CPU
		{EB40D0C9-FDCC-6A16-35C9-7DEB8B7CF2C7}.Release|Any CPU.Build.0 = Release|Any CPU
		{E79D3F5F-CF03-F9BE-D286-81036455F642}.Debug|Any CPU.ActiveCfg = Debug|Any CPU
		{E79D3F5F-CF03-F9BE-D286-81036455F642}.Debug|Any CPU.Build.0 = Debug|Any CPU
		{E79D3F5F-CF03-F9BE-D286-81036455F642}.Release|Any CPU.ActiveCfg = Release|Any CPU
		{E79D3F5F-CF03-F9BE-D286-81036455F642}.Release|Any CPU.Build.0 = Release|Any CPU
		{A2DCA835-06B6-D202-DC9D-54FF97DE92A2}.Debug|Any CPU.ActiveCfg = Debug|Any CPU
		{A2DCA835-06B6-D202-DC9D-54FF97DE92A2}.Debug|Any CPU.Build.0 = Debug|Any CPU
		{A2DCA835-06B6-D202-DC9D-54FF97DE92A2}.Release|Any CPU.ActiveCfg = Release|Any CPU
		{A2DCA835-06B6-D202-DC9D-54FF97DE92A2}.Release|Any CPU.Build.0 = Release|Any CPU
		{7D8A3865-B919-AB08-7335-3D274C531604}.Debug|Any CPU.ActiveCfg = Debug|Any CPU
		{7D8A3865-B919-AB08-7335-3D274C531604}.Debug|Any CPU.Build.0 = Debug|Any CPU
		{7D8A3865-B919-AB08-7335-3D274C531604}.Release|Any CPU.ActiveCfg = Release|Any CPU
		{7D8A3865-B919-AB08-7335-3D274C531604}.Release|Any CPU.Build.0 = Release|Any CPU
		{193AB242-19C3-B03D-E9F0-DB4477F85DAD}.Debug|Any CPU.ActiveCfg = Debug|Any CPU
		{193AB242-19C3-B03D-E9F0-DB4477F85DAD}.Debug|Any CPU.Build.0 = Debug|Any CPU
		{193AB242-19C3-B03D-E9F0-DB4477F85DAD}.Release|Any CPU.ActiveCfg = Release|Any CPU
		{193AB242-19C3-B03D-E9F0-DB4477F85DAD}.Release|Any CPU.Build.0 = Release|Any CPU
		{DBEA6ED7-211C-C248-F080-2A904C5463A9}.Debug|Any CPU.ActiveCfg = Debug|Any CPU
		{DBEA6ED7-211C-C248-F080-2A904C5463A9}.Debug|Any CPU.Build.0 = Debug|Any CPU
		{DBEA6ED7-211C-C248-F080-2A904C5463A9}.Release|Any CPU.ActiveCfg = Release|Any CPU
		{DBEA6ED7-211C-C248-F080-2A904C5463A9}.Release|Any CPU.Build.0 = Release|Any CPU
		{BDE5FCFA-7DB5-D0B9-9C20-7A347560FA80}.Debug|Any CPU.ActiveCfg = Debug|Any CPU
		{BDE5FCFA-7DB5-D0B9-9C20-7A347560FA80}.Debug|Any CPU.Build.0 = Debug|Any CPU
		{BDE5FCFA-7DB5-D0B9-9C20-7A347560FA80}.Release|Any CPU.ActiveCfg = Release|Any CPU
		{BDE5FCFA-7DB5-D0B9-9C20-7A347560FA80}.Release|Any CPU.Build.0 = Release|Any CPU
		{6D938A7E-0AD5-B8CC-BF77-521075669588}.Debug|Any CPU.ActiveCfg = Debug|Any CPU
		{6D938A7E-0AD5-B8CC-BF77-521075669588}.Debug|Any CPU.Build.0 = Debug|Any CPU
		{6D938A7E-0AD5-B8CC-BF77-521075669588}.Release|Any CPU.ActiveCfg = Release|Any CPU
		{6D938A7E-0AD5-B8CC-BF77-521075669588}.Release|Any CPU.Build.0 = Release|Any CPU
		{FB27CB35-36F2-0E20-23C0-0FD0C93C0302}.Debug|Any CPU.ActiveCfg = Debug|Any CPU
		{FB27CB35-36F2-0E20-23C0-0FD0C93C0302}.Debug|Any CPU.Build.0 = Debug|Any CPU
		{FB27CB35-36F2-0E20-23C0-0FD0C93C0302}.Release|Any CPU.ActiveCfg = Release|Any CPU
		{FB27CB35-36F2-0E20-23C0-0FD0C93C0302}.Release|Any CPU.Build.0 = Release|Any CPU
		{1323C445-FDEA-4F4E-5C68-76A387420107}.Debug|Any CPU.ActiveCfg = Debug|Any CPU
		{1323C445-FDEA-4F4E-5C68-76A387420107}.Debug|Any CPU.Build.0 = Debug|Any CPU
		{1323C445-FDEA-4F4E-5C68-76A387420107}.Release|Any CPU.ActiveCfg = Release|Any CPU
		{1323C445-FDEA-4F4E-5C68-76A387420107}.Release|Any CPU.Build.0 = Release|Any CPU
		{5CD84B47-0A55-F922-2B4F-97379972E54E}.Debug|Any CPU.ActiveCfg = Debug|Any CPU
		{5CD84B47-0A55-F922-2B4F-97379972E54E}.Debug|Any CPU.Build.0 = Debug|Any CPU
		{5CD84B47-0A55-F922-2B4F-97379972E54E}.Release|Any CPU.ActiveCfg = Release|Any CPU
		{5CD84B47-0A55-F922-2B4F-97379972E54E}.Release|Any CPU.Build.0 = Release|Any CPU
		{95C0C111-FD22-F8D4-48F8-0AF380976DF9}.Debug|Any CPU.ActiveCfg = Debug|Any CPU
		{95C0C111-FD22-F8D4-48F8-0AF380976DF9}.Debug|Any CPU.Build.0 = Debug|Any CPU
		{95C0C111-FD22-F8D4-48F8-0AF380976DF9}.Release|Any CPU.ActiveCfg = Release|Any CPU
		{95C0C111-FD22-F8D4-48F8-0AF380976DF9}.Release|Any CPU.Build.0 = Release|Any CPU
		{1A520655-1389-6FE3-EBC8-AB99BE1D2734}.Debug|Any CPU.ActiveCfg = Debug|Any CPU
		{1A520655-1389-6FE3-EBC8-AB99BE1D2734}.Debug|Any CPU.Build.0 = Debug|Any CPU
		{1A520655-1389-6FE3-EBC8-AB99BE1D2734}.Release|Any CPU.ActiveCfg = Release|Any CPU
		{1A520655-1389-6FE3-EBC8-AB99BE1D2734}.Release|Any CPU.Build.0 = Release|Any CPU
		{0423D957-E354-CE13-13AE-4DD5127D7B3A}.Debug|Any CPU.ActiveCfg = Debug|Any CPU
		{0423D957-E354-CE13-13AE-4DD5127D7B3A}.Debug|Any CPU.Build.0 = Debug|Any CPU
		{0423D957-E354-CE13-13AE-4DD5127D7B3A}.Release|Any CPU.ActiveCfg = Release|Any CPU
		{0423D957-E354-CE13-13AE-4DD5127D7B3A}.Release|Any CPU.Build.0 = Release|Any CPU
		{66A86F39-B65B-F8F2-81A3-AC8BAD057DBF}.Debug|Any CPU.ActiveCfg = Debug|Any CPU
		{66A86F39-B65B-F8F2-81A3-AC8BAD057DBF}.Debug|Any CPU.Build.0 = Debug|Any CPU
		{66A86F39-B65B-F8F2-81A3-AC8BAD057DBF}.Release|Any CPU.ActiveCfg = Release|Any CPU
		{66A86F39-B65B-F8F2-81A3-AC8BAD057DBF}.Release|Any CPU.Build.0 = Release|Any CPU
	EndGlobalSection
	GlobalSection(SolutionProperties) = preSolution
		HideSolutionNode = FALSE
	EndGlobalSection
EndGlobal
